
Microsoft Visual Studio Solution File, Format Version 12.00
# Visual Studio Version 16
VisualStudioVersion = 16.0.31129.286
MinimumVisualStudioVersion = 10.0.40219.1
Project("{FAE04EC0-301F-11D3-BF4B-00C04F79EFBC}") = "MISA.Import", "MISA.Import\MISA.Import.csproj", "{A8F22F73-A09E-43E4-95CF-F5667D95665F}"
EndProject
Global
	GlobalSection(SolutionConfigurationPlatforms) = preSolution
		Debug|Any CPU = Debug|Any CPU
		Release|Any CPU = Release|Any CPU
	EndGlobalSection
	GlobalSection(ProjectConfigurationPlatforms) = postSolution
		{A8F22F73-A09E-43E4-95CF-F5667D95665F}.Debug|Any CPU.ActiveCfg = Debug|Any CPU
		{A8F22F73-A09E-43E4-95CF-F5667D95665F}.Debug|Any CPU.Build.0 = Debug|Any CPU
		{A8F22F73-A09E-43E4-95CF-F5667D95665F}.Release|Any CPU.ActiveCfg = Release|Any CPU
		{A8F22F73-A09E-43E4-95CF-F5667D95665F}.Release|Any CPU.Build.0 = Release|Any CPU
	EndGlobalSection
	GlobalSection(SolutionProperties) = preSolution
		HideSolutionNode = FALSE
	EndGlobalSection
	GlobalSection(ExtensibilityGlobals) = postSolution
		SolutionGuid = {FB1E38A2-3129-4F4B-B261-C5F560080E21}
	EndGlobalSection
EndGlobal
